
Microsoft Visual Studio Solution File, Format Version 12.00
# Visual Studio Version 16
VisualStudioVersion = 16.0.30204.135
MinimumVisualStudioVersion = 10.0.40219.1
Project("{9A19103F-16F7-4668-BE54-9A1E7A4F7556}") = "ChatApp.Apis", "ChatApp.Apis\ChatApp.Apis.csproj", "{C9D879D6-241F-46FC-8B7B-E9244308ADED}"
EndProject
Project("{9A19103F-16F7-4668-BE54-9A1E7A4F7556}") = "ChatApp.Services", "ChatApp.Services\ChatApp.Services.csproj", "{64EBFA99-16AA-4F0A-BD11-AA1D7459E7DE}"
EndProject
Project("{9A19103F-16F7-4668-BE54-9A1E7A4F7556}") = "ChatApp.DataAccess", "ChatApp.DataAccess\ChatApp.DataAccess.csproj", "{9DEF7C5B-C5F8-4DD0-AB76-7E696DC2ADA5}"
EndProject
Project("{9A19103F-16F7-4668-BE54-9A1E7A4F7556}") = "ChatApp.Entities", "ChatApp.Entities\ChatApp.Entities.csproj", "{CEC9AFE8-F7E6-4189-8EBD-304D35BE49B6}"
EndProject
Project("{9A19103F-16F7-4668-BE54-9A1E7A4F7556}") = "ChatApp.Repositories", "ChatApp.Repositories\ChatApp.Repositories.csproj", "{439DFF6A-FAAE-452A-A209-289706C200E7}"
EndProject
Project("{9A19103F-16F7-4668-BE54-9A1E7A4F7556}") = "ChatApp.Utilities", "ChatApp.Utilities\ChatApp.Utilities.csproj", "{105DBD3B-C971-468E-BE96-56FA3BDB47C4}"
EndProject
Project("{9A19103F-16F7-4668-BE54-9A1E7A4F7556}") = "ChatApp.UnitTests.Services", "ChatApp.UnitTests.Services\ChatApp.UnitTests.Services.csproj", "{27B7B660-28CC-45F3-BE73-4FF4DC910BC6}"
EndProject
Project("{9A19103F-16F7-4668-BE54-9A1E7A4F7556}") = "ChatApp.UnitTests.Utilities", "ChatApp.UnitTests.Utilities\ChatApp.UnitTests.Utilities.csproj", "{AB50EB25-3ACA-4C56-AE89-B782DED7745C}"
EndProject
Project("{2150E333-8FDC-42A3-9474-1A3956D46DE8}") = "1_Api", "1_Api", "{1401FF54-D87B-4732-9ACF-8A366D1B805D}"
EndProject
Project("{2150E333-8FDC-42A3-9474-1A3956D46DE8}") = "2_Core", "2_Core", "{0E3C170E-771E-411F-9316-5831C65AB084}"
EndProject
Project("{2150E333-8FDC-42A3-9474-1A3956D46DE8}") = "3_Data", "3_Data", "{6D11BA32-90FC-4A28-823E-7FE9EA01A1F0}"
EndProject
Project("{2150E333-8FDC-42A3-9474-1A3956D46DE8}") = "4_Test", "4_Test", "{BCAE5388-9B03-4F59-AF1F-2A2FB9CA3FA3}"
EndProject
Global
	GlobalSection(SolutionConfigurationPlatforms) = preSolution
		Debug|Any CPU = Debug|Any CPU
		Release|Any CPU = Release|Any CPU
	EndGlobalSection
	GlobalSection(ProjectConfigurationPlatforms) = postSolution
		{C9D879D6-241F-46FC-8B7B-E9244308ADED}.Debug|Any CPU.ActiveCfg = Debug|Any CPU
		{C9D879D6-241F-46FC-8B7B-E9244308ADED}.Debug|Any CPU.Build.0 = Debug|Any CPU
		{C9D879D6-241F-46FC-8B7B-E9244308ADED}.Release|Any CPU.ActiveCfg = Release|Any CPU
		{C9D879D6-241F-46FC-8B7B-E9244308ADED}.Release|Any CPU.Build.0 = Release|Any CPU
		{64EBFA99-16AA-4F0A-BD11-AA1D7459E7DE}.Debug|Any CPU.ActiveCfg = Debug|Any CPU
		{64EBFA99-16AA-4F0A-BD11-AA1D7459E7DE}.Debug|Any CPU.Build.0 = Debug|Any CPU
		{64EBFA99-16AA-4F0A-BD11-AA1D7459E7DE}.Release|Any CPU.ActiveCfg = Release|Any CPU
		{64EBFA99-16AA-4F0A-BD11-AA1D7459E7DE}.Release|Any CPU.Build.0 = Release|Any CPU
		{9DEF7C5B-C5F8-4DD0-AB76-7E696DC2ADA5}.Debug|Any CPU.ActiveCfg = Debug|Any CPU
		{9DEF7C5B-C5F8-4DD0-AB76-7E696DC2ADA5}.Debug|Any CPU.Build.0 = Debug|Any CPU
		{9DEF7C5B-C5F8-4DD0-AB76-7E696DC2ADA5}.Release|Any CPU.ActiveCfg = Release|Any CPU
		{9DEF7C5B-C5F8-4DD0-AB76-7E696DC2ADA5}.Release|Any CPU.Build.0 = Release|Any CPU
		{CEC9AFE8-F7E6-4189-8EBD-304D35BE49B6}.Debug|Any CPU.ActiveCfg = Debug|Any CPU
		{CEC9AFE8-F7E6-4189-8EBD-304D35BE49B6}.Debug|Any CPU.Build.0 = Debug|Any CPU
		{CEC9AFE8-F7E6-4189-8EBD-304D35BE49B6}.Release|Any CPU.ActiveCfg = Release|Any CPU
		{CEC9AFE8-F7E6-4189-8EBD-304D35BE49B6}.Release|Any CPU.Build.0 = Release|Any CPU
		{439DFF6A-FAAE-452A-A209-289706C200E7}.Debug|Any CPU.ActiveCfg = Debug|Any CPU
		{439DFF6A-FAAE-452A-A209-289706C200E7}.Debug|Any CPU.Build.0 = Debug|Any CPU
		{439DFF6A-FAAE-452A-A209-289706C200E7}.Release|Any CPU.ActiveCfg = Release|Any CPU
		{439DFF6A-FAAE-452A-A209-289706C200E7}.Release|Any CPU.Build.0 = Release|Any CPU
		{105DBD3B-C971-468E-BE96-56FA3BDB47C4}.Debug|Any CPU.ActiveCfg = Debug|Any CPU
		{105DBD3B-C971-468E-BE96-56FA3BDB47C4}.Debug|Any CPU.Build.0 = Debug|Any CPU
		{105DBD3B-C971-468E-BE96-56FA3BDB47C4}.Release|Any CPU.ActiveCfg = Release|Any CPU
		{105DBD3B-C971-468E-BE96-56FA3BDB47C4}.Release|Any CPU.Build.0 = Release|Any CPU
		{27B7B660-28CC-45F3-BE73-4FF4DC910BC6}.Debug|Any CPU.ActiveCfg = Debug|Any CPU
		{27B7B660-28CC-45F3-BE73-4FF4DC910BC6}.Debug|Any CPU.Build.0 = Debug|Any CPU
		{27B7B660-28CC-45F3-BE73-4FF4DC910BC6}.Release|Any CPU.ActiveCfg = Release|Any CPU
		{27B7B660-28CC-45F3-BE73-4FF4DC910BC6}.Release|Any CPU.Build.0 = Release|Any CPU
		{AB50EB25-3ACA-4C56-AE89-B782DED7745C}.Debug|Any CPU.ActiveCfg = Debug|Any CPU
		{AB50EB25-3ACA-4C56-AE89-B782DED7745C}.Debug|Any CPU.Build.0 = Debug|Any CPU
		{AB50EB25-3ACA-4C56-AE89-B782DED7745C}.Release|Any CPU.ActiveCfg = Release|Any CPU
		{AB50EB25-3ACA-4C56-AE89-B782DED7745C}.Release|Any CPU.Build.0 = Release|Any CPU
	EndGlobalSection
	GlobalSection(SolutionProperties) = preSolution
		HideSolutionNode = FALSE
	EndGlobalSection
	GlobalSection(NestedProjects) = preSolution
		{C9D879D6-241F-46FC-8B7B-E9244308ADED} = {1401FF54-D87B-4732-9ACF-8A366D1B805D}
		{64EBFA99-16AA-4F0A-BD11-AA1D7459E7DE} = {0E3C170E-771E-411F-9316-5831C65AB084}
		{9DEF7C5B-C5F8-4DD0-AB76-7E696DC2ADA5} = {6D11BA32-90FC-4A28-823E-7FE9EA01A1F0}
		{CEC9AFE8-F7E6-4189-8EBD-304D35BE49B6} = {6D11BA32-90FC-4A28-823E-7FE9EA01A1F0}
		{439DFF6A-FAAE-452A-A209-289706C200E7} = {6D11BA32-90FC-4A28-823E-7FE9EA01A1F0}
		{105DBD3B-C971-468E-BE96-56FA3BDB47C4} = {0E3C170E-771E-411F-9316-5831C65AB084}
		{27B7B660-28CC-45F3-BE73-4FF4DC910BC6} = {BCAE5388-9B03-4F59-AF1F-2A2FB9CA3FA3}
		{AB50EB25-3ACA-4C56-AE89-B782DED7745C} = {BCAE5388-9B03-4F59-AF1F-2A2FB9CA3FA3}
	EndGlobalSection
	GlobalSection(ExtensibilityGlobals) = postSolution
		SolutionGuid = {2F6589A6-FFF7-44E3-99F1-F57D349D7BC7}
	EndGlobalSection
EndGlobal
